
Microsoft Visual Studio Solution File, Format Version 12.00
# Visual Studio Version 16
VisualStudioVersion = 16.0.33130.400
MinimumVisualStudioVersion = 10.0.40219.1
Project("{FAE04EC0-301F-11D3-BF4B-00C04F79EFBC}") = "CSharpOOPAssignment3", "CSharpOOPAssignment3\CSharpOOPAssignment3.csproj", "{2A5C9246-FD90-4870-BBF5-BAD5B405F0FF}"
EndProject
Global
	GlobalSection(SolutionConfigurationPlatforms) = preSolution
		Debug|Any CPU = Debug|Any CPU
		Release|Any CPU = Release|Any CPU
	EndGlobalSection
	GlobalSection(ProjectConfigurationPlatforms) = postSolution
		{2A5C9246-FD90-4870-BBF5-BAD5B405F0FF}.Debug|Any CPU.ActiveCfg = Debug|Any CPU
		{2A5C9246-FD90-4870-BBF5-BAD5B405F0FF}.Debug|Any CPU.Build.0 = Debug|Any CPU
		{2A5C9246-FD90-4870-BBF5-BAD5B405F0FF}.Release|Any CPU.ActiveCfg = Release|Any CPU
		{2A5C9246-FD90-4870-BBF5-BAD5B405F0FF}.Release|Any CPU.Build.0 = Release|Any CPU
	EndGlobalSection
	GlobalSection(SolutionProperties) = preSolution
		HideSolutionNode = FALSE
	EndGlobalSection
	GlobalSection(ExtensibilityGlobals) = postSolution
		SolutionGuid = {AA7C6C8E-F1FD-482F-9239-28ED8779C0CA}
	EndGlobalSection
EndGlobal
