
Microsoft Visual Studio Solution File, Format Version 12.00
# Visual Studio Version 16
VisualStudioVersion = 16.0.33130.400
MinimumVisualStudioVersion = 10.0.40219.1
Project("{FAE04EC0-301F-11D3-BF4B-00C04F79EFBC}") = "CsharpAssignment4Q1", "CsharpAssignment4Q1\CsharpAssignment4Q1.csproj", "{BC24A9B5-5D52-421C-87BD-73A7A2194908}"
EndProject
Global
	GlobalSection(SolutionConfigurationPlatforms) = preSolution
		Debug|Any CPU = Debug|Any CPU
		Release|Any CPU = Release|Any CPU
	EndGlobalSection
	GlobalSection(ProjectConfigurationPlatforms) = postSolution
		{BC24A9B5-5D52-421C-87BD-73A7A2194908}.Debug|Any CPU.ActiveCfg = Debug|Any CPU
		{BC24A9B5-5D52-421C-87BD-73A7A2194908}.Debug|Any CPU.Build.0 = Debug|Any CPU
		{BC24A9B5-5D52-421C-87BD-73A7A2194908}.Release|Any CPU.ActiveCfg = Release|Any CPU
		{BC24A9B5-5D52-421C-87BD-73A7A2194908}.Release|Any CPU.Build.0 = Release|Any CPU
	EndGlobalSection
	GlobalSection(SolutionProperties) = preSolution
		HideSolutionNode = FALSE
	EndGlobalSection
	GlobalSection(ExtensibilityGlobals) = postSolution
		SolutionGuid = {F69D08D3-17CB-47D5-BF1F-8706F4FFD0C2}
	EndGlobalSection
EndGlobal
